
Microsoft Visual Studio Solution File, Format Version 12.00
# Visual Studio Version 16
VisualStudioVersion = 16.0.29806.167
MinimumVisualStudioVersion = 10.0.40219.1
Project("{FAE04EC0-301F-11D3-BF4B-00C04F79EFBC}") = "Beadandó200212", "Beadandó200212.csproj", "{F672CCFD-37DE-4D06-A4B7-9A00978D77B8}"
EndProject
Global
	GlobalSection(SolutionConfigurationPlatforms) = preSolution
		Debug|Any CPU = Debug|Any CPU
		Release|Any CPU = Release|Any CPU
	EndGlobalSection
	GlobalSection(ProjectConfigurationPlatforms) = postSolution
		{F672CCFD-37DE-4D06-A4B7-9A00978D77B8}.Debug|Any CPU.ActiveCfg = Debug|Any CPU
		{F672CCFD-37DE-4D06-A4B7-9A00978D77B8}.Debug|Any CPU.Build.0 = Debug|Any CPU
		{F672CCFD-37DE-4D06-A4B7-9A00978D77B8}.Release|Any CPU.ActiveCfg = Release|Any CPU
		{F672CCFD-37DE-4D06-A4B7-9A00978D77B8}.Release|Any CPU.Build.0 = Release|Any CPU
	EndGlobalSection
	GlobalSection(SolutionProperties) = preSolution
		HideSolutionNode = FALSE
	EndGlobalSection
	GlobalSection(ExtensibilityGlobals) = postSolution
		SolutionGuid = {766AD912-BCFE-412B-A610-68DB2797AF99}
	EndGlobalSection
EndGlobal
